
Microsoft Visual Studio Solution File, Format Version 12.00
# Visual Studio Version 17
VisualStudioVersion = 17.0.31912.275
MinimumVisualStudioVersion = 10.0.40219.1
Project("{9A19103F-16F7-4668-BE54-9A1E7A4F7556}") = "Natsurainko.FluentCore.Demo", "Natsurainko.FluentCore.Demo\Natsurainko.FluentCore.Demo.csproj", "{1860B26A-653C-4C64-883A-EF8DFBAE18DE}"
EndProject
Project("{9A19103F-16F7-4668-BE54-9A1E7A4F7556}") = "Natsurainko.Toolkits", "..\Natsurainko.Toolkits\Natsurainko.Toolkits\Natsurainko.Toolkits.csproj", "{08D1C38E-3CDD-4DAD-BE3E-D47DB8426B61}"
EndProject
Project("{9A19103F-16F7-4668-BE54-9A1E7A4F7556}") = "Natsurainko.FluentCore", "Natsurainko.FluentCore\Natsurainko.FluentCore.csproj", "{6CB7E4FD-423A-4C93-94BF-E274FAD7723E}"
EndProject
Project("{9A19103F-16F7-4668-BE54-9A1E7A4F7556}") = "Natsurainko.FluentCore.Extension.Windows", "Natsurainko.FluentCore.Extension.Windows\Natsurainko.FluentCore.Extension.Windows.csproj", "{F256CC80-E286-4C3B-9495-5D3B889BAEC0}"
EndProject
Global
	GlobalSection(SolutionConfigurationPlatforms) = preSolution
		Debug|Any CPU = Debug|Any CPU
		Debug|ARM = Debug|ARM
		Debug|ARM64 = Debug|ARM64
		Debug|x64 = Debug|x64
		Debug|x86 = Debug|x86
		Release|Any CPU = Release|Any CPU
		Release|ARM = Release|ARM
		Release|ARM64 = Release|ARM64
		Release|x64 = Release|x64
		Release|x86 = Release|x86
	EndGlobalSection
	GlobalSection(ProjectConfigurationPlatforms) = postSolution
		{1860B26A-653C-4C64-883A-EF8DFBAE18DE}.Debug|Any CPU.ActiveCfg = Debug|Any CPU
		{1860B26A-653C-4C64-883A-EF8DFBAE18DE}.Debug|Any CPU.Build.0 = Debug|Any CPU
		{1860B26A-653C-4C64-883A-EF8DFBAE18DE}.Debug|ARM.ActiveCfg = Debug|Any CPU
		{1860B26A-653C-4C64-883A-EF8DFBAE18DE}.Debug|ARM.Build.0 = Debug|Any CPU
		{1860B26A-653C-4C64-883A-EF8DFBAE18DE}.Debug|ARM64.ActiveCfg = Debug|Any CPU
		{1860B26A-653C-4C64-883A-EF8DFBAE18DE}.Debug|ARM64.Build.0 = Debug|Any CPU
		{1860B26A-653C-4C64-883A-EF8DFBAE18DE}.Debug|x64.ActiveCfg = Debug|Any CPU
		{1860B26A-653C-4C64-883A-EF8DFBAE18DE}.Debug|x64.Build.0 = Debug|Any CPU
		{1860B26A-653C-4C64-883A-EF8DFBAE18DE}.Debug|x86.ActiveCfg = Debug|Any CPU
		{1860B26A-653C-4C64-883A-EF8DFBAE18DE}.Debug|x86.Build.0 = Debug|Any CPU
		{1860B26A-653C-4C64-883A-EF8DFBAE18DE}.Release|Any CPU.ActiveCfg = Release|Any CPU
		{1860B26A-653C-4C64-883A-EF8DFBAE18DE}.Release|Any CPU.Build.0 = Release|Any CPU
		{1860B26A-653C-4C64-883A-EF8DFBAE18DE}.Release|ARM.ActiveCfg = Release|Any CPU
		{1860B26A-653C-4C64-883A-EF8DFBAE18DE}.Release|ARM.Build.0 = Release|Any CPU
		{1860B26A-653C-4C64-883A-EF8DFBAE18DE}.Release|ARM64.ActiveCfg = Release|Any CPU
		{1860B26A-653C-4C64-883A-EF8DFBAE18DE}.Release|ARM64.Build.0 = Release|Any CPU
		{1860B26A-653C-4C64-883A-EF8DFBAE18DE}.Release|x64.ActiveCfg = Release|Any CPU
		{1860B26A-653C-4C64-883A-EF8DFBAE18DE}.Release|x64.Build.0 = Release|Any CPU
		{1860B26A-653C-4C64-883A-EF8DFBAE18DE}.Release|x86.ActiveCfg = Release|Any CPU
		{1860B26A-653C-4C64-883A-EF8DFBAE18DE}.Release|x86.Build.0 = Release|Any CPU
		{08D1C38E-3CDD-4DAD-BE3E-D47DB8426B61}.Debug|Any CPU.ActiveCfg = Debug|Any CPU
		{08D1C38E-3CDD-4DAD-BE3E-D47DB8426B61}.Debug|Any CPU.Build.0 = Debug|Any CPU
		{08D1C38E-3CDD-4DAD-BE3E-D47DB8426B61}.Debug|ARM.ActiveCfg = Debug|Any CPU
		{08D1C38E-3CDD-4DAD-BE3E-D47DB8426B61}.Debug|ARM.Build.0 = Debug|Any CPU
		{08D1C38E-3CDD-4DAD-BE3E-D47DB8426B61}.Debug|ARM64.ActiveCfg = Debug|Any CPU
		{08D1C38E-3CDD-4DAD-BE3E-D47DB8426B61}.Debug|ARM64.Build.0 = Debug|Any CPU
		{08D1C38E-3CDD-4DAD-BE3E-D47DB8426B61}.Debug|x64.ActiveCfg = Debug|Any CPU
		{08D1C38E-3CDD-4DAD-BE3E-D47DB8426B61}.Debug|x64.Build.0 = Debug|Any CPU
		{08D1C38E-3CDD-4DAD-BE3E-D47DB8426B61}.Debug|x86.ActiveCfg = Debug|Any CPU
		{08D1C38E-3CDD-4DAD-BE3E-D47DB8426B61}.Debug|x86.Build.0 = Debug|Any CPU
		{08D1C38E-3CDD-4DAD-BE3E-D47DB8426B61}.Release|Any CPU.ActiveCfg = Release|Any CPU
		{08D1C38E-3CDD-4DAD-BE3E-D47DB8426B61}.Release|Any CPU.Build.0 = Release|Any CPU
		{08D1C38E-3CDD-4DAD-BE3E-D47DB8426B61}.Release|ARM.ActiveCfg = Release|Any CPU
		{08D1C38E-3CDD-4DAD-BE3E-D47DB8426B61}.Release|ARM.Build.0 = Release|Any CPU
		{08D1C38E-3CDD-4DAD-BE3E-D47DB8426B61}.Release|ARM64.ActiveCfg = Release|Any CPU
		{08D1C38E-3CDD-4DAD-BE3E-D47DB8426B61}.Release|ARM64.Build.0 = Release|Any CPU
		{08D1C38E-3CDD-4DAD-BE3E-D47DB8426B61}.Release|x64.ActiveCfg = Release|Any CPU
		{08D1C38E-3CDD-4DAD-BE3E-D47DB8426B61}.Release|x64.Build.0 = Release|Any CPU
		{08D1C38E-3CDD-4DAD-BE3E-D47DB8426B61}.Release|x86.ActiveCfg = Release|Any CPU
		{08D1C38E-3CDD-4DAD-BE3E-D47DB8426B61}.Release|x86.Build.0 = Release|Any CPU
		{6CB7E4FD-423A-4C93-94BF-E274FAD7723E}.Debug|Any CPU.ActiveCfg = Debug|Any CPU
		{6CB7E4FD-423A-4C93-94BF-E274FAD7723E}.Debug|Any CPU.Build.0 = Debug|Any CPU
		{6CB7E4FD-423A-4C93-94BF-E274FAD7723E}.Debug|ARM.ActiveCfg = Debug|Any CPU
		{6CB7E4FD-423A-4C93-94BF-E274FAD7723E}.Debug|ARM.Build.0 = Debug|Any CPU
		{6CB7E4FD-423A-4C93-94BF-E274FAD7723E}.Debug|ARM64.ActiveCfg = Debug|Any CPU
		{6CB7E4FD-423A-4C93-94BF-E274FAD7723E}.Debug|ARM64.Build.0 = Debug|Any CPU
		{6CB7E4FD-423A-4C93-94BF-E274FAD7723E}.Debug|x64.ActiveCfg = Debug|Any CPU
		{6CB7E4FD-423A-4C93-94BF-E274FAD7723E}.Debug|x64.Build.0 = Debug|Any CPU
		{6CB7E4FD-423A-4C93-94BF-E274FAD7723E}.Debug|x86.ActiveCfg = Debug|Any CPU
		{6CB7E4FD-423A-4C93-94BF-E274FAD7723E}.Debug|x86.Build.0 = Debug|Any CPU
		{6CB7E4FD-423A-4C93-94BF-E274FAD7723E}.Release|Any CPU.ActiveCfg = Release|Any CPU
		{6CB7E4FD-423A-4C93-94BF-E274FAD7723E}.Release|Any CPU.Build.0 = Release|Any CPU
		{6CB7E4FD-423A-4C93-94BF-E274FAD7723E}.Release|ARM.ActiveCfg = Release|Any CPU
		{6CB7E4FD-423A-4C93-94BF-E274FAD7723E}.Release|ARM.Build.0 = Release|Any CPU
		{6CB7E4FD-423A-4C93-94BF-E274FAD7723E}.Release|ARM64.ActiveCfg = Release|Any CPU
		{6CB7E4FD-423A-4C93-94BF-E274FAD7723E}.Release|ARM64.Build.0 = Release|Any CPU
		{6CB7E4FD-423A-4C93-94BF-E274FAD7723E}.Release|x64.ActiveCfg = Release|Any CPU
		{6CB7E4FD-423A-4C93-94BF-E274FAD7723E}.Release|x64.Build.0 = Release|Any CPU
		{6CB7E4FD-423A-4C93-94BF-E274FAD7723E}.Release|x86.ActiveCfg = Release|Any CPU
		{6CB7E4FD-423A-4C93-94BF-E274FAD7723E}.Release|x86.Build.0 = Release|Any CPU
		{F256CC80-E286-4C3B-9495-5D3B889BAEC0}.Debug|Any CPU.ActiveCfg = Debug|Any CPU
		{F256CC80-E286-4C3B-9495-5D3B889BAEC0}.Debug|Any CPU.Build.0 = Debug|Any CPU
		{F256CC80-E286-4C3B-9495-5D3B889BAEC0}.Debug|ARM.ActiveCfg = Debug|Any CPU
		{F256CC80-E286-4C3B-9495-5D3B889BAEC0}.Debug|ARM.Build.0 = Debug|Any CPU
		{F256CC80-E286-4C3B-9495-5D3B889BAEC0}.Debug|ARM64.ActiveCfg = Debug|Any CPU
		{F256CC80-E286-4C3B-9495-5D3B889BAEC0}.Debug|ARM64.Build.0 = Debug|Any CPU
		{F256CC80-E286-4C3B-9495-5D3B889BAEC0}.Debug|x64.ActiveCfg = Debug|Any CPU
		{F256CC80-E286-4C3B-9495-5D3B889BAEC0}.Debug|x64.Build.0 = Debug|Any CPU
		{F256CC80-E286-4C3B-9495-5D3B889BAEC0}.Debug|x86.ActiveCfg = Debug|Any CPU
		{F256CC80-E286-4C3B-9495-5D3B889BAEC0}.Debug|x86.Build.0 = Debug|Any CPU
		{F256CC80-E286-4C3B-9495-5D3B889BAEC0}.Release|Any CPU.ActiveCfg = Release|Any CPU
		{F256CC80-E286-4C3B-9495-5D3B889BAEC0}.Release|Any CPU.Build.0 = Release|Any CPU
		{F256CC80-E286-4C3B-9495-5D3B889BAEC0}.Release|ARM.ActiveCfg = Release|Any CPU
		{F256CC80-E286-4C3B-9495-5D3B889BAEC0}.Release|ARM.Build.0 = Release|Any CPU
		{F256CC80-E286-4C3B-9495-5D3B889BAEC0}.Release|ARM64.ActiveCfg = Release|Any CPU
		{F256CC80-E286-4C3B-9495-5D3B889BAEC0}.Release|ARM64.Build.0 = Release|Any CPU
		{F256CC80-E286-4C3B-9495-5D3B889BAEC0}.Release|x64.ActiveCfg = Release|Any CPU
		{F256CC80-E286-4C3B-9495-5D3B889BAEC0}.Release|x64.Build.0 = Release|Any CPU
		{F256CC80-E286-4C3B-9495-5D3B889BAEC0}.Release|x86.ActiveCfg = Release|Any CPU
		{F256CC80-E286-4C3B-9495-5D3B889BAEC0}.Release|x86.Build.0 = Release|Any CPU
	EndGlobalSection
	GlobalSection(SolutionProperties) = preSolution
		HideSolutionNode = FALSE
	EndGlobalSection
	GlobalSection(ExtensibilityGlobals) = postSolution
		SolutionGuid = {9D5E0935-C603-440E-8293-119F0108799A}
	EndGlobalSection
EndGlobal
